// !$*UTF8*$!
{
	archiveVersion = 1;
	classes = {
	};
	objectVersion = 50;
	objects = {

/* Begin PBXBuildFile section */
		E5BFEBB425613407001A42CF /* Search.swift in Sources */ = {isa = PBXBuildFile; fileRef = E5BFEBB325613407001A42CF /* Search.swift */; };
		E5BFEBB9256137AC001A42CF /* ToDoOne.swift in Sources */ = {isa = PBXBuildFile; fileRef = E5BFEBB8256137AC001A42CF /* ToDoOne.swift */; };
		E5C698432559759000F5D308 /* todoApp.swift in Sources */ = {isa = PBXBuildFile; fileRef = E5C698422559759000F5D308 /* todoApp.swift */; };
		E5C698452559759000F5D308 /* ContentView.swift in Sources */ = {isa = PBXBuildFile; fileRef = E5C698442559759000F5D308 /* ContentView.swift */; };
		E5C698472559759200F5D308 /* Assets.xcassets in Resources */ = {isa = PBXBuildFile; fileRef = E5C698462559759200F5D308 /* Assets.xcassets */; };
		E5C6984A2559759200F5D308 /* Preview Assets.xcassets in Resources */ = {isa = PBXBuildFile; fileRef = E5C698492559759200F5D308 /* Preview Assets.xcassets */; };
		E5C69857255979AE00F5D308 /* SwiftUIView.swift in Sources */ = {isa = PBXBuildFile; fileRef = E5C69852255979AE00F5D308 /* SwiftUIView.swift */; };
		E5C69858255979AE00F5D308 /* File.swift in Sources */ = {isa = PBXBuildFile; fileRef = E5C69853255979AE00F5D308 /* File.swift */; };
		E5C69859255979AE00F5D308 /* TagFile.swift in Sources */ = {isa = PBXBuildFile; fileRef = E5C69854255979AE00F5D308 /* TagFile.swift */; };
		E5C6985A255979AE00F5D308 /* Tagseksl.swift in Sources */ = {isa = PBXBuildFile; fileRef = E5C69855255979AE00F5D308 /* Tagseksl.swift */; };
		E5C6985B255979AE00F5D308 /* showFilter.swift in Sources */ = {isa = PBXBuildFile; fileRef = E5C69856255979AE00F5D308 /* showFilter.swift */; };
		E5D15CA0256E6FE8007862A9 /* TabBar.swift in Sources */ = {isa = PBXBuildFile; fileRef = E5D15C9F256E6FE8007862A9 /* TabBar.swift */; };
/* End PBXBuildFile section */

/* Begin PBXFileReference section */
		E5BFEBB325613407001A42CF /* Search.swift */ = {isa = PBXFileReference; lastKnownFileType = sourcecode.swift; path = Search.swift; sourceTree = "<group>"; };
		E5BFEBB8256137AC001A42CF /* ToDoOne.swift */ = {isa = PBXFileReference; lastKnownFileType = sourcecode.swift; path = ToDoOne.swift; sourceTree = "<group>"; };
		E5C6983F2559759000F5D308 /* todo.app */ = {isa = PBXFileReference; explicitFileType = wrapper.application; includeInIndex = 0; path = todo.app; sourceTree = BUILT_PRODUCTS_DIR; };
		E5C698422559759000F5D308 /* todoApp.swift */ = {isa = PBXFileReference; lastKnownFileType = sourcecode.swift; path = todoApp.swift; sourceTree = "<group>"; };
		E5C698442559759000F5D308 /* ContentView.swift */ = {isa = PBXFileReference; lastKnownFileType = sourcecode.swift; path = ContentView.swift; sourceTree = "<group>"; };
		E5C698462559759200F5D308 /* Assets.xcassets */ = {isa = PBXFileReference; lastKnownFileType = folder.assetcatalog; path = Assets.xcassets; sourceTree = "<group>"; };
		E5C698492559759200F5D308 /* Preview Assets.xcassets */ = {isa = PBXFileReference; lastKnownFileType = folder.assetcatalog; path = "Preview Assets.xcassets"; sourceTree = "<group>"; };
		E5C6984B2559759200F5D308 /* Info.plist */ = {isa = PBXFileReference; lastKnownFileType = text.plist.xml; path = Info.plist; sourceTree = "<group>"; };
		E5C69852255979AE00F5D308 /* SwiftUIView.swift */ = {isa = PBXFileReference; fileEncoding = 4; lastKnownFileType = sourcecode.swift; path = SwiftUIView.swift; sourceTree = "<group>"; };
		E5C69853255979AE00F5D308 /* File.swift */ = {isa = PBXFileReference; fileEncoding = 4; lastKnownFileType = sourcecode.swift; path = File.swift; sourceTree = "<group>"; };
		E5C69854255979AE00F5D308 /* TagFile.swift */ = {isa = PBXFileReference; fileEncoding = 4; lastKnownFileType = sourcecode.swift; path = TagFile.swift; sourceTree = "<group>"; };
		E5C69855255979AE00F5D308 /* Tagseksl.swift */ = {isa = PBXFileReference; fileEncoding = 4; lastKnownFileType = sourcecode.swift; path = Tagseksl.swift; sourceTree = "<group>"; };
		E5C69856255979AE00F5D308 /* showFilter.swift */ = {isa = PBXFileReference; fileEncoding = 4; lastKnownFileType = sourcecode.swift; path = showFilter.swift; sourceTree = "<group>"; };
		E5D15C9F256E6FE8007862A9 /* TabBar.swift */ = {isa = PBXFileReference; lastKnownFileType = sourcecode.swift; path = TabBar.swift; sourceTree = "<group>"; };
		E5E4D016255AAC6E0025A391 /* README.md */ = {isa = PBXFileReference; lastKnownFileType = net.daringfireball.markdown; path = README.md; sourceTree = "<group>"; };
/* End PBXFileReference section */

/* Begin PBXFrameworksBuildPhase section */
		E5C6983C2559759000F5D308 /* Frameworks */ = {
			isa = PBXFrameworksBuildPhase;
			buildActionMask = 2147483647;
			files = (
			);
			runOnlyForDeploymentPostprocessing = 0;
		};
/* End PBXFrameworksBuildPhase section */

/* Begin PBXGroup section */
		E5BFEBB72561378D001A42CF /* View */ = {
			isa = PBXGroup;
			children = (
				E5BFEBB8256137AC001A42CF /* ToDoOne.swift */,
				E5D15C9F256E6FE8007862A9 /* TabBar.swift */,
			);
			path = View;
			sourceTree = "<group>";
		};
		E5C698362559759000F5D308 = {
			isa = PBXGroup;
			children = (
				E5E4D016255AAC6E0025A391 /* README.md */,
				E5C698412559759000F5D308 /* todo */,
				E5C698402559759000F5D308 /* Products */,
			);
			sourceTree = "<group>";
		};
		E5C698402559759000F5D308 /* Products */ = {
			isa = PBXGroup;
			children = (
				E5C6983F2559759000F5D308 /* todo.app */,
			);
			name = Products;
			sourceTree = "<group>";
		};
		E5C698412559759000F5D308 /* todo */ = {
			isa = PBXGroup;
			children = (
				E5C698612559822E00F5D308 /* ViewModel */,
				E5C69860255981E400F5D308 /* Views */,
				E5C6985D2559818100F5D308 /* Models */,
				E5C698422559759000F5D308 /* todoApp.swift */,
				E5C698442559759000F5D308 /* ContentView.swift */,
				E5C698462559759200F5D308 /* Assets.xcassets */,
				E5C6984B2559759200F5D308 /* Info.plist */,
				E5C698482559759200F5D308 /* Preview Content */,
			);
			path = todo;
			sourceTree = "<group>";
		};
		E5C698482559759200F5D308 /* Preview Content */ = {
			isa = PBXGroup;
			children = (
				E5C698492559759200F5D308 /* Preview Assets.xcassets */,
			);
			path = "Preview Content";
			sourceTree = "<group>";
		};
		E5C6985D2559818100F5D308 /* Models */ = {
			isa = PBXGroup;
			children = (
				E5C69853255979AE00F5D308 /* File.swift */,
			);
			path = Models;
			sourceTree = "<group>";
		};
		E5C69860255981E400F5D308 /* Views */ = {
			isa = PBXGroup;
			children = (
				E5BFEBB72561378D001A42CF /* View */,
				E5C69855255979AE00F5D308 /* Tagseksl.swift */,
				E5C69854255979AE00F5D308 /* TagFile.swift */,
				E5C69852255979AE00F5D308 /* SwiftUIView.swift */,
				E5C69856255979AE00F5D308 /* showFilter.swift */,
				E5BFEBB325613407001A42CF /* Search.swift */,
			);
			path = Views;
			sourceTree = "<group>";
		};
		E5C698612559822E00F5D308 /* ViewModel */ = {
			isa = PBXGroup;
			children = (
			);
			path = ViewModel;
			sourceTree = "<group>";
		};
/* End PBXGroup section */

/* Begin PBXNativeTarget section */
		E5C6983E2559759000F5D308 /* todo */ = {
			isa = PBXNativeTarget;
			buildConfigurationList = E5C6984E2559759200F5D308 /* Build configuration list for PBXNativeTarget "todo" */;
			buildPhases = (
				E5C6983B2559759000F5D308 /* Sources */,
				E5C6983C2559759000F5D308 /* Frameworks */,
				E5C6983D2559759000F5D308 /* Resources */,
			);
			buildRules = (
			);
			dependencies = (
			);
			name = todo;
			productName = todo;
			productReference = E5C6983F2559759000F5D308 /* todo.app */;
			productType = "com.apple.product-type.application";
		};
/* End PBXNativeTarget section */

/* Begin PBXProject section */
		E5C698372559759000F5D308 /* Project object */ = {
			isa = PBXProject;
			attributes = {
				LastSwiftUpdateCheck = 1200;
				LastUpgradeCheck = 1200;
				TargetAttributes = {
					E5C6983E2559759000F5D308 = {
						CreatedOnToolsVersion = 12.0.1;
					};
				};
			};
			buildConfigurationList = E5C6983A2559759000F5D308 /* Build configuration list for PBXProject "todo" */;
			compatibilityVersion = "Xcode 9.3";
			developmentRegion = en;
			hasScannedForEncodings = 0;
			knownRegions = (
				en,
				Base,
			);
			mainGroup = E5C698362559759000F5D308;
			productRefGroup = E5C698402559759000F5D308 /* Products */;
			projectDirPath = "";
			projectRoot = "";
			targets = (
				E5C6983E2559759000F5D308 /* todo */,
			);
		};
/* End PBXProject section */

/* Begin PBXResourcesBuildPhase section */
		E5C6983D2559759000F5D308 /* Resources */ = {
			isa = PBXResourcesBuildPhase;
			buildActionMask = 2147483647;
			files = (
				E5C6984A2559759200F5D308 /* Preview Assets.xcassets in Resources */,
				E5C698472559759200F5D308 /* Assets.xcassets in Resources */,
			);
			runOnlyForDeploymentPostprocessing = 0;
		};
/* End PBXResourcesBuildPhase section */

/* Begin PBXSourcesBuildPhase section */
		E5C6983B2559759000F5D308 /* Sources */ = {
			isa = PBXSourcesBuildPhase;
			buildActionMask = 2147483647;
			files = (
				E5BFEBB9256137AC001A42CF /* ToDoOne.swift in Sources */,
				E5C698452559759000F5D308 /* ContentView.swift in Sources */,
				E5BFEBB425613407001A42CF /* Search.swift in Sources */,
				E5C69858255979AE00F5D308 /* File.swift in Sources */,
				E5C6985B255979AE00F5D308 /* showFilter.swift in Sources */,
				E5C698432559759000F5D308 /* todoApp.swift in Sources */,
				E5C6985A255979AE00F5D308 /* Tagseksl.swift in Sources */,
				E5C69857255979AE00F5D308 /* SwiftUIView.swift in Sources */,
				E5C69859255979AE00F5D308 /* TagFile.swift in Sources */,
				E5D15CA0256E6FE8007862A9 /* TabBar.swift in Sources */,
			);
			runOnlyForDeploymentPostprocessing = 0;
		};
/* End PBXSourcesBuildPhase section */

/* Begin XCBuildConfiguration section */
		E5C6984C2559759200F5D308 /* Debug */ = {
			isa = XCBuildConfiguration;
			buildSettings = {
				ALWAYS_SEARCH_USER_PATHS = NO;
				CLANG_ANALYZER_NONNULL = YES;
				CLANG_ANALYZER_NUMBER_OBJECT_CONVERSION = YES_AGGRESSIVE;
				CLANG_CXX_LANGUAGE_STANDARD = "gnu++14";
				CLANG_CXX_LIBRARY = "libc++";
				CLANG_ENABLE_MODULES = YES;
				CLANG_ENABLE_OBJC_ARC = YES;
				CLANG_ENABLE_OBJC_WEAK = YES;
				CLANG_WARN_BLOCK_CAPTURE_AUTORELEASING = YES;
				CLANG_WARN_BOOL_CONVERSION = YES;
				CLANG_WARN_COMMA = YES;
				CLANG_WARN_CONSTANT_CONVERSION = YES;
				CLANG_WARN_DEPRECATED_OBJC_IMPLEMENTATIONS = YES;
				CLANG_WARN_DIRECT_OBJC_ISA_USAGE = YES_ERROR;
				CLANG_WARN_DOCUMENTATION_COMMENTS = YES;
				CLANG_WARN_EMPTY_BODY = YES;
				CLANG_WARN_ENUM_CONVERSION = YES;
				CLANG_WARN_INFINITE_RECURSION = YES;
				CLANG_WARN_INT_CONVERSION = YES;
				CLANG_WARN_NON_LITERAL_NULL_CONVERSION = YES;
				CLANG_WARN_OBJC_IMPLICIT_RETAIN_SELF = YES;
				CLANG_WARN_OBJC_LITERAL_CONVERSION = YES;
				CLANG_WARN_OBJC_ROOT_CLASS = YES_ERROR;
				CLANG_WARN_QUOTED_INCLUDE_IN_FRAMEWORK_HEADER = YES;
				CLANG_WARN_RANGE_LOOP_ANALYSIS = YES;
				CLANG_WARN_STRICT_PROTOTYPES = YES;
				CLANG_WARN_SUSPICIOUS_MOVE = YES;
				CLANG_WARN_UNGUARDED_AVAILABILITY = YES_AGGRESSIVE;
				CLANG_WARN_UNREACHABLE_CODE = YES;
				CLANG_WARN__DUPLICATE_METHOD_MATCH = YES;
				COPY_PHASE_STRIP = NO;
				DEBUG_INFORMATION_FORMAT = dwarf;
				ENABLE_STRICT_OBJC_MSGSEND = YES;
				ENABLE_TESTABILITY = YES;
				GCC_C_LANGUAGE_STANDARD = gnu11;
				GCC_DYNAMIC_NO_PIC = NO;
				GCC_NO_COMMON_BLOCKS = YES;
				GCC_OPTIMIZATION_LEVEL = 0;
				GCC_PREPROCESSOR_DEFINITIONS = (
					"DEBUG=1",
					"$(inherited)",
				);
				GCC_WARN_64_TO_32_BIT_CONVERSION = YES;
				GCC_WARN_ABOUT_RETURN_TYPE = YES_ERROR;
				GCC_WARN_UNDECLARED_SELECTOR = YES;
				GCC_WARN_UNINITIALIZED_AUTOS = YES_AGGRESSIVE;
				GCC_WARN_UNUSED_FUNCTION = YES;
				GCC_WARN_UNUSED_VARIABLE = YES;
				IPHONEOS_DEPLOYMENT_TARGET = 14.0;
				MTL_ENABLE_DEBUG_INFO = INCLUDE_SOURCE;
				MTL_FAST_MATH = YES;
				ONLY_ACTIVE_ARCH = YES;
				SDKROOT = iphoneos;
				SWIFT_ACTIVE_COMPILATION_CONDITIONS = DEBUG;
				SWIFT_OPTIMIZATION_LEVEL = "-Onone";
			};
			name = Debug;
		};
		E5C6984D2559759200F5D308 /* Release */ = {
			isa = XCBuildConfiguration;
			buildSettings = {
				ALWAYS_SEARCH_USER_PATHS = NO;
				CLANG_ANALYZER_NONNULL = YES;
				CLANG_ANALYZER_NUMBER_OBJECT_CONVERSION = YES_AGGRESSIVE;
				CLANG_CXX_LANGUAGE_STANDARD = "gnu++14";
				CLANG_CXX_LIBRARY = "libc++";
				CLANG_ENABLE_MODULES = YES;
				CLANG_ENABLE_OBJC_ARC = YES;
				CLANG_ENABLE_OBJC_WEAK = YES;
				CLANG_WARN_BLOCK_CAPTURE_AUTORELEASING = YES;
				CLANG_WARN_BOOL_CONVERSION = YES;
				CLANG_WARN_COMMA = YES;
				CLANG_WARN_CONSTANT_CONVERSION = YES;
				CLANG_WARN_DEPRECATED_OBJC_IMPLEMENTATIONS = YES;
				CLANG_WARN_DIRECT_OBJC_ISA_USAGE = YES_ERROR;
				CLANG_WARN_DOCUMENTATION_COMMENTS = YES;
				CLANG_WARN_EMPTY_BODY = YES;
				CLANG_WARN_ENUM_CONVERSION = YES;
				CLANG_WARN_INFINITE_RECURSION = YES;
				CLANG_WARN_INT_CONVERSION = YES;
				CLANG_WARN_NON_LITERAL_NULL_CONVERSION = YES;
				CLANG_WARN_OBJC_IMPLICIT_RETAIN_SELF = YES;
				CLANG_WARN_OBJC_LITERAL_CONVERSION = YES;
				CLANG_WARN_OBJC_ROOT_CLASS = YES_ERROR;
				CLANG_WARN_QUOTED_INCLUDE_IN_FRAMEWORK_HEADER = YES;
				CLANG_WARN_RANGE_LOOP_ANALYSIS = YES;
				CLANG_WARN_STRICT_PROTOTYPES = YES;
				CLANG_WARN_SUSPICIOUS_MOVE = YES;
				CLANG_WARN_UNGUARDED_AVAILABILITY = YES_AGGRESSIVE;
				CLANG_WARN_UNREACHABLE_CODE = YES;
				CLANG_WARN__DUPLICATE_METHOD_MATCH = YES;
				COPY_PHASE_STRIP = NO;
				DEBUG_INFORMATION_FORMAT = "dwarf-with-dsym";
				ENABLE_NS_ASSERTIONS = NO;
				ENABLE_STRICT_OBJC_MSGSEND = YES;
				GCC_C_LANGUAGE_STANDARD = gnu11;
				GCC_NO_COMMON_BLOCKS = YES;
				GCC_WARN_64_TO_32_BIT_CONVERSION = YES;
				GCC_WARN_ABOUT_RETURN_TYPE = YES_ERROR;
				GCC_WARN_UNDECLARED_SELECTOR = YES;
				GCC_WARN_UNINITIALIZED_AUTOS = YES_AGGRESSIVE;
				GCC_WARN_UNUSED_FUNCTION = YES;
				GCC_WARN_UNUSED_VARIABLE = YES;
				IPHONEOS_DEPLOYMENT_TARGET = 14.0;
				MTL_ENABLE_DEBUG_INFO = NO;
				MTL_FAST_MATH = YES;
				SDKROOT = iphoneos;
				SWIFT_COMPILATION_MODE = wholemodule;
				SWIFT_OPTIMIZATION_LEVEL = "-O";
				VALIDATE_PRODUCT = YES;
			};
			name = Release;
		};
		E5C6984F2559759200F5D308 /* Debug */ = {
			isa = XCBuildConfiguration;
			buildSettings = {
				ASSETCATALOG_COMPILER_APPICON_NAME = AppIcon;
				ASSETCATALOG_COMPILER_GLOBAL_ACCENT_COLOR_NAME = AccentColor;
				CODE_SIGN_STYLE = Automatic;
				DEVELOPMENT_ASSET_PATHS = "\"todo/Preview Content\"";
				DEVELOPMENT_TEAM = 7TJKWD96L3;
				ENABLE_PREVIEWS = YES;
				INFOPLIST_FILE = todo/Info.plist;
				IPHONEOS_DEPLOYMENT_TARGET = 14.0;
				LD_RUNPATH_SEARCH_PATHS = (
					"$(inherited)",
					"@executable_path/Frameworks",
				);
				PRODUCT_BUNDLE_IDENTIFIER = erye.todo;
				PRODUCT_NAME = "$(TARGET_NAME)";
				SWIFT_VERSION = 5.0;
				TARGETED_DEVICE_FAMILY = "1,2";
			};
			name = Debug;
		};
		E5C698502559759200F5D308 /* Release */ = {
			isa = XCBuildConfiguration;
			buildSettings = {
				ASSETCATALOG_COMPILER_APPICON_NAME = AppIcon;
				ASSETCATALOG_COMPILER_GLOBAL_ACCENT_COLOR_NAME = AccentColor;
				CODE_SIGN_STYLE = Automatic;
				DEVELOPMENT_ASSET_PATHS = "\"todo/Preview Content\"";
				DEVELOPMENT_TEAM = 7TJKWD96L3;
				ENABLE_PREVIEWS = YES;
				INFOPLIST_FILE = todo/Info.plist;
				IPHONEOS_DEPLOYMENT_TARGET = 14.0;
				LD_RUNPATH_SEARCH_PATHS = (
					"$(inherited)",
					"@executable_path/Frameworks",
				);
				PRODUCT_BUNDLE_IDENTIFIER = erye.todo;
				PRODUCT_NAME = "$(TARGET_NAME)";
				SWIFT_VERSION = 5.0;
				TARGETED_DEVICE_FAMILY = "1,2";
			};
			name = Release;
		};
/* End XCBuildConfiguration section */

/* Begin XCConfigurationList section */
		E5C6983A2559759000F5D308 /* Build configuration list for PBXProject "todo" */ = {
			isa = XCConfigurationList;
			buildConfigurations = (
				E5C6984C2559759200F5D308 /* Debug */,
				E5C6984D2559759200F5D308 /* Release */,
			);
			defaultConfigurationIsVisible = 0;
			defaultConfigurationName = Release;
		};
		E5C6984E2559759200F5D308 /* Build configuration list for PBXNativeTarget "todo" */ = {
			isa = XCConfigurationList;
			buildConfigurations = (
				E5C6984F2559759200F5D308 /* Debug */,
				E5C698502559759200F5D308 /* Release */,
			);
			defaultConfigurationIsVisible = 0;
			defaultConfigurationName = Release;
		};
/* End XCConfigurationList section */
	};
	rootObject = E5C698372559759000F5D308 /* Project object */;
}
